
Microsoft Visual Studio Solution File, Format Version 12.00
# Visual Studio 15
VisualStudioVersion = 15.0.28307.329
MinimumVisualStudioVersion = 10.0.40219.1
Project("{FAE04EC0-301F-11D3-BF4B-00C04F79EFBC}") = "B2Agro.Android", "B2Agro\B2Agro.Android\B2Agro.Android.csproj", "{1D1CA71B-23C8-4A86-8096-A3EA338F2D45}"
EndProject
Project("{FAE04EC0-301F-11D3-BF4B-00C04F79EFBC}") = "B2Agro.iOS", "B2Agro\B2Agro.iOS\B2Agro.iOS.csproj", "{BC662393-A1DD-4161-8BAD-1ABB80F299CC}"
EndProject
Project("{FAE04EC0-301F-11D3-BF4B-00C04F79EFBC}") = "B2Agro", "B2Agro\B2Agro\B2Agro.csproj", "{4C9E5087-0CAB-4A4E-937F-5D365D29F337}"
EndProject
Global
	GlobalSection(SolutionConfigurationPlatforms) = preSolution
		Ad-Hoc|Any CPU = Ad-Hoc|Any CPU
		Ad-Hoc|iPhone = Ad-Hoc|iPhone
		Ad-Hoc|iPhoneSimulator = Ad-Hoc|iPhoneSimulator
		AppStore|Any CPU = AppStore|Any CPU
		AppStore|iPhone = AppStore|iPhone
		AppStore|iPhoneSimulator = AppStore|iPhoneSimulator
		Debug|Any CPU = Debug|Any CPU
		Debug|iPhone = Debug|iPhone
		Debug|iPhoneSimulator = Debug|iPhoneSimulator
		Release|Any CPU = Release|Any CPU
		Release|iPhone = Release|iPhone
		Release|iPhoneSimulator = Release|iPhoneSimulator
	EndGlobalSection
	GlobalSection(ProjectConfigurationPlatforms) = postSolution
		{1D1CA71B-23C8-4A86-8096-A3EA338F2D45}.Ad-Hoc|Any CPU.ActiveCfg = Release|Any CPU
		{1D1CA71B-23C8-4A86-8096-A3EA338F2D45}.Ad-Hoc|Any CPU.Build.0 = Release|Any CPU
		{1D1CA71B-23C8-4A86-8096-A3EA338F2D45}.Ad-Hoc|Any CPU.Deploy.0 = Release|Any CPU
		{1D1CA71B-23C8-4A86-8096-A3EA338F2D45}.Ad-Hoc|iPhone.ActiveCfg = Release|Any CPU
		{1D1CA71B-23C8-4A86-8096-A3EA338F2D45}.Ad-Hoc|iPhone.Build.0 = Release|Any CPU
		{1D1CA71B-23C8-4A86-8096-A3EA338F2D45}.Ad-Hoc|iPhone.Deploy.0 = Release|Any CPU
		{1D1CA71B-23C8-4A86-8096-A3EA338F2D45}.Ad-Hoc|iPhoneSimulator.ActiveCfg = Release|Any CPU
		{1D1CA71B-23C8-4A86-8096-A3EA338F2D45}.Ad-Hoc|iPhoneSimulator.Build.0 = Release|Any CPU
		{1D1CA71B-23C8-4A86-8096-A3EA338F2D45}.Ad-Hoc|iPhoneSimulator.Deploy.0 = Release|Any CPU
		{1D1CA71B-23C8-4A86-8096-A3EA338F2D45}.AppStore|Any CPU.ActiveCfg = Release|Any CPU
		{1D1CA71B-23C8-4A86-8096-A3EA338F2D45}.AppStore|Any CPU.Build.0 = Release|Any CPU
		{1D1CA71B-23C8-4A86-8096-A3EA338F2D45}.AppStore|Any CPU.Deploy.0 = Release|Any CPU
		{1D1CA71B-23C8-4A86-8096-A3EA338F2D45}.AppStore|iPhone.ActiveCfg = Release|Any CPU
		{1D1CA71B-23C8-4A86-8096-A3EA338F2D45}.AppStore|iPhone.Build.0 = Release|Any CPU
		{1D1CA71B-23C8-4A86-8096-A3EA338F2D45}.AppStore|iPhone.Deploy.0 = Release|Any CPU
		{1D1CA71B-23C8-4A86-8096-A3EA338F2D45}.AppStore|iPhoneSimulator.ActiveCfg = Release|Any CPU
		{1D1CA71B-23C8-4A86-8096-A3EA338F2D45}.AppStore|iPhoneSimulator.Build.0 = Release|Any CPU
		{1D1CA71B-23C8-4A86-8096-A3EA338F2D45}.AppStore|iPhoneSimulator.Deploy.0 = Release|Any CPU
		{1D1CA71B-23C8-4A86-8096-A3EA338F2D45}.Debug|Any CPU.ActiveCfg = Debug|Any CPU
		{1D1CA71B-23C8-4A86-8096-A3EA338F2D45}.Debug|Any CPU.Build.0 = Debug|Any CPU
		{1D1CA71B-23C8-4A86-8096-A3EA338F2D45}.Debug|Any CPU.Deploy.0 = Debug|Any CPU
		{1D1CA71B-23C8-4A86-8096-A3EA338F2D45}.Debug|iPhone.ActiveCfg = Debug|Any CPU
		{1D1CA71B-23C8-4A86-8096-A3EA338F2D45}.Debug|iPhone.Build.0 = Debug|Any CPU
		{1D1CA71B-23C8-4A86-8096-A3EA338F2D45}.Debug|iPhone.Deploy.0 = Debug|Any CPU
		{1D1CA71B-23C8-4A86-8096-A3EA338F2D45}.Debug|iPhoneSimulator.ActiveCfg = Debug|Any CPU
		{1D1CA71B-23C8-4A86-8096-A3EA338F2D45}.Debug|iPhoneSimulator.Build.0 = Debug|Any CPU
		{1D1CA71B-23C8-4A86-8096-A3EA338F2D45}.Debug|iPhoneSimulator.Deploy.0 = Debug|Any CPU
		{1D1CA71B-23C8-4A86-8096-A3EA338F2D45}.Release|Any CPU.ActiveCfg = Release|Any CPU
		{1D1CA71B-23C8-4A86-8096-A3EA338F2D45}.Release|Any CPU.Build.0 = Release|Any CPU
		{1D1CA71B-23C8-4A86-8096-A3EA338F2D45}.Release|Any CPU.Deploy.0 = Release|Any CPU
		{1D1CA71B-23C8-4A86-8096-A3EA338F2D45}.Release|iPhone.ActiveCfg = Release|Any CPU
		{1D1CA71B-23C8-4A86-8096-A3EA338F2D45}.Release|iPhone.Build.0 = Release|Any CPU
		{1D1CA71B-23C8-4A86-8096-A3EA338F2D45}.Release|iPhone.Deploy.0 = Release|Any CPU
		{1D1CA71B-23C8-4A86-8096-A3EA338F2D45}.Release|iPhoneSimulator.ActiveCfg = Release|Any CPU
		{1D1CA71B-23C8-4A86-8096-A3EA338F2D45}.Release|iPhoneSimulator.Build.0 = Release|Any CPU
		{1D1CA71B-23C8-4A86-8096-A3EA338F2D45}.Release|iPhoneSimulator.Deploy.0 = Release|Any CPU
		{BC662393-A1DD-4161-8BAD-1ABB80F299CC}.Ad-Hoc|Any CPU.ActiveCfg = Ad-Hoc|iPhone
		{BC662393-A1DD-4161-8BAD-1ABB80F299CC}.Ad-Hoc|Any CPU.Build.0 = Ad-Hoc|iPhone
		{BC662393-A1DD-4161-8BAD-1ABB80F299CC}.Ad-Hoc|Any CPU.Deploy.0 = Ad-Hoc|iPhone
		{BC662393-A1DD-4161-8BAD-1ABB80F299CC}.Ad-Hoc|iPhone.ActiveCfg = Ad-Hoc|iPhone
		{BC662393-A1DD-4161-8BAD-1ABB80F299CC}.Ad-Hoc|iPhone.Build.0 = Ad-Hoc|iPhone
		{BC662393-A1DD-4161-8BAD-1ABB80F299CC}.Ad-Hoc|iPhone.Deploy.0 = Ad-Hoc|iPhone
		{BC662393-A1DD-4161-8BAD-1ABB80F299CC}.Ad-Hoc|iPhoneSimulator.ActiveCfg = Ad-Hoc|iPhoneSimulator
		{BC662393-A1DD-4161-8BAD-1ABB80F299CC}.Ad-Hoc|iPhoneSimulator.Build.0 = Ad-Hoc|iPhoneSimulator
		{BC662393-A1DD-4161-8BAD-1ABB80F299CC}.Ad-Hoc|iPhoneSimulator.Deploy.0 = Ad-Hoc|iPhoneSimulator
		{BC662393-A1DD-4161-8BAD-1ABB80F299CC}.AppStore|Any CPU.ActiveCfg = AppStore|iPhone
		{BC662393-A1DD-4161-8BAD-1ABB80F299CC}.AppStore|Any CPU.Build.0 = AppStore|iPhone
		{BC662393-A1DD-4161-8BAD-1ABB80F299CC}.AppStore|Any CPU.Deploy.0 = AppStore|iPhone
		{BC662393-A1DD-4161-8BAD-1ABB80F299CC}.AppStore|iPhone.ActiveCfg = AppStore|iPhone
		{BC662393-A1DD-4161-8BAD-1ABB80F299CC}.AppStore|iPhone.Build.0 = AppStore|iPhone
		{BC662393-A1DD-4161-8BAD-1ABB80F299CC}.AppStore|iPhone.Deploy.0 = AppStore|iPhone
		{BC662393-A1DD-4161-8BAD-1ABB80F299CC}.AppStore|iPhoneSimulator.ActiveCfg = AppStore|iPhoneSimulator
		{BC662393-A1DD-4161-8BAD-1ABB80F299CC}.AppStore|iPhoneSimulator.Build.0 = AppStore|iPhoneSimulator
		{BC662393-A1DD-4161-8BAD-1ABB80F299CC}.AppStore|iPhoneSimulator.Deploy.0 = AppStore|iPhoneSimulator
		{BC662393-A1DD-4161-8BAD-1ABB80F299CC}.Debug|Any CPU.ActiveCfg = Debug|iPhoneSimulator
		{BC662393-A1DD-4161-8BAD-1ABB80F299CC}.Debug|Any CPU.Build.0 = Debug|iPhoneSimulator
		{BC662393-A1DD-4161-8BAD-1ABB80F299CC}.Debug|Any CPU.Deploy.0 = Debug|iPhoneSimulator
		{BC662393-A1DD-4161-8BAD-1ABB80F299CC}.Debug|iPhone.ActiveCfg = Debug|iPhone
		{BC662393-A1DD-4161-8BAD-1ABB80F299CC}.Debug|iPhone.Build.0 = Debug|iPhone
		{BC662393-A1DD-4161-8BAD-1ABB80F299CC}.Debug|iPhone.Deploy.0 = Debug|iPhone
		{BC662393-A1DD-4161-8BAD-1ABB80F299CC}.Debug|iPhoneSimulator.ActiveCfg = Debug|iPhoneSimulator
		{BC662393-A1DD-4161-8BAD-1ABB80F299CC}.Debug|iPhoneSimulator.Build.0 = Debug|iPhoneSimulator
		{BC662393-A1DD-4161-8BAD-1ABB80F299CC}.Debug|iPhoneSimulator.Deploy.0 = Debug|iPhoneSimulator
		{BC662393-A1DD-4161-8BAD-1ABB80F299CC}.Release|Any CPU.ActiveCfg = Release|iPhone
		{BC662393-A1DD-4161-8BAD-1ABB80F299CC}.Release|Any CPU.Build.0 = Release|iPhone
		{BC662393-A1DD-4161-8BAD-1ABB80F299CC}.Release|Any CPU.Deploy.0 = Release|iPhone
		{BC662393-A1DD-4161-8BAD-1ABB80F299CC}.Release|iPhone.ActiveCfg = Release|iPhone
		{BC662393-A1DD-4161-8BAD-1ABB80F299CC}.Release|iPhone.Build.0 = Release|iPhone
		{BC662393-A1DD-4161-8BAD-1ABB80F299CC}.Release|iPhone.Deploy.0 = Release|iPhone
		{BC662393-A1DD-4161-8BAD-1ABB80F299CC}.Release|iPhoneSimulator.ActiveCfg = Release|iPhoneSimulator
		{BC662393-A1DD-4161-8BAD-1ABB80F299CC}.Release|iPhoneSimulator.Build.0 = Release|iPhoneSimulator
		{BC662393-A1DD-4161-8BAD-1ABB80F299CC}.Release|iPhoneSimulator.Deploy.0 = Release|iPhoneSimulator
		{4C9E5087-0CAB-4A4E-937F-5D365D29F337}.Ad-Hoc|Any CPU.ActiveCfg = Debug|Any CPU
		{4C9E5087-0CAB-4A4E-937F-5D365D29F337}.Ad-Hoc|Any CPU.Build.0 = Debug|Any CPU
		{4C9E5087-0CAB-4A4E-937F-5D365D29F337}.Ad-Hoc|Any CPU.Deploy.0 = Debug|Any CPU
		{4C9E5087-0CAB-4A4E-937F-5D365D29F337}.Ad-Hoc|iPhone.ActiveCfg = Debug|Any CPU
		{4C9E5087-0CAB-4A4E-937F-5D365D29F337}.Ad-Hoc|iPhone.Build.0 = Debug|Any CPU
		{4C9E5087-0CAB-4A4E-937F-5D365D29F337}.Ad-Hoc|iPhone.Deploy.0 = Debug|Any CPU
		{4C9E5087-0CAB-4A4E-937F-5D365D29F337}.Ad-Hoc|iPhoneSimulator.ActiveCfg = Debug|Any CPU
		{4C9E5087-0CAB-4A4E-937F-5D365D29F337}.Ad-Hoc|iPhoneSimulator.Build.0 = Debug|Any CPU
		{4C9E5087-0CAB-4A4E-937F-5D365D29F337}.Ad-Hoc|iPhoneSimulator.Deploy.0 = Debug|Any CPU
		{4C9E5087-0CAB-4A4E-937F-5D365D29F337}.AppStore|Any CPU.ActiveCfg = Debug|Any CPU
		{4C9E5087-0CAB-4A4E-937F-5D365D29F337}.AppStore|Any CPU.Build.0 = Debug|Any CPU
		{4C9E5087-0CAB-4A4E-937F-5D365D29F337}.AppStore|Any CPU.Deploy.0 = Debug|Any CPU
		{4C9E5087-0CAB-4A4E-937F-5D365D29F337}.AppStore|iPhone.ActiveCfg = Debug|Any CPU
		{4C9E5087-0CAB-4A4E-937F-5D365D29F337}.AppStore|iPhone.Build.0 = Debug|Any CPU
		{4C9E5087-0CAB-4A4E-937F-5D365D29F337}.AppStore|iPhone.Deploy.0 = Debug|Any CPU
		{4C9E5087-0CAB-4A4E-937F-5D365D29F337}.AppStore|iPhoneSimulator.ActiveCfg = Debug|Any CPU
		{4C9E5087-0CAB-4A4E-937F-5D365D29F337}.AppStore|iPhoneSimulator.Build.0 = Debug|Any CPU
		{4C9E5087-0CAB-4A4E-937F-5D365D29F337}.AppStore|iPhoneSimulator.Deploy.0 = Debug|Any CPU
		{4C9E5087-0CAB-4A4E-937F-5D365D29F337}.Debug|Any CPU.ActiveCfg = Debug|Any CPU
		{4C9E5087-0CAB-4A4E-937F-5D365D29F337}.Debug|Any CPU.Build.0 = Debug|Any CPU
		{4C9E5087-0CAB-4A4E-937F-5D365D29F337}.Debug|Any CPU.Deploy.0 = Debug|Any CPU
		{4C9E5087-0CAB-4A4E-937F-5D365D29F337}.Debug|iPhone.ActiveCfg = Debug|Any CPU
		{4C9E5087-0CAB-4A4E-937F-5D365D29F337}.Debug|iPhone.Build.0 = Debug|Any CPU
		{4C9E5087-0CAB-4A4E-937F-5D365D29F337}.Debug|iPhone.Deploy.0 = Debug|Any CPU
		{4C9E5087-0CAB-4A4E-937F-5D365D29F337}.Debug|iPhoneSimulator.ActiveCfg = Debug|Any CPU
		{4C9E5087-0CAB-4A4E-937F-5D365D29F337}.Debug|iPhoneSimulator.Build.0 = Debug|Any CPU
		{4C9E5087-0CAB-4A4E-937F-5D365D29F337}.Debug|iPhoneSimulator.Deploy.0 = Debug|Any CPU
		{4C9E5087-0CAB-4A4E-937F-5D365D29F337}.Release|Any CPU.ActiveCfg = Release|Any CPU
		{4C9E5087-0CAB-4A4E-937F-5D365D29F337}.Release|Any CPU.Build.0 = Release|Any CPU
		{4C9E5087-0CAB-4A4E-937F-5D365D29F337}.Release|Any CPU.Deploy.0 = Release|Any CPU
		{4C9E5087-0CAB-4A4E-937F-5D365D29F337}.Release|iPhone.ActiveCfg = Release|Any CPU
		{4C9E5087-0CAB-4A4E-937F-5D365D29F337}.Release|iPhone.Build.0 = Release|Any CPU
		{4C9E5087-0CAB-4A4E-937F-5D365D29F337}.Release|iPhone.Deploy.0 = Release|Any CPU
		{4C9E5087-0CAB-4A4E-937F-5D365D29F337}.Release|iPhoneSimulator.ActiveCfg = Release|Any CPU
		{4C9E5087-0CAB-4A4E-937F-5D365D29F337}.Release|iPhoneSimulator.Build.0 = Release|Any CPU
		{4C9E5087-0CAB-4A4E-937F-5D365D29F337}.Release|iPhoneSimulator.Deploy.0 = Release|Any CPU
	EndGlobalSection
	GlobalSection(SolutionProperties) = preSolution
		HideSolutionNode = FALSE
	EndGlobalSection
	GlobalSection(ExtensibilityGlobals) = postSolution
		SolutionGuid = {C755721A-A80D-40AD-B63D-D4B131524F5B}
	EndGlobalSection
EndGlobal
